
Microsoft Visual Studio Solution File, Format Version 12.00
# Visual Studio 15
VisualStudioVersion = 15.0.26430.6
MinimumVisualStudioVersion = 10.0.40219.1
Project("{2150E333-8FDC-42A3-9474-1A3956D46DE8}") = "0 - Presentation", "0 - Presentation", "{BFBCF93B-3EA2-4A5E-94B5-F53E1EAF7864}"
EndProject
Project("{2150E333-8FDC-42A3-9474-1A3956D46DE8}") = "1 - ApplicationServices", "1 - ApplicationServices", "{3590B335-D8B6-4E68-AFC4-5CA132320EBD}"
EndProject
Project("{2150E333-8FDC-42A3-9474-1A3956D46DE8}") = "2 - Domain", "2 - Domain", "{777CC466-3EA9-4B4D-B3BC-9FA7BB425D5B}"
EndProject
Project("{2150E333-8FDC-42A3-9474-1A3956D46DE8}") = "3 - Infra", "3 - Infra", "{47622D29-4AB4-4DC2-AC48-F588293B92A6}"
EndProject
Project("{2150E333-8FDC-42A3-9474-1A3956D46DE8}") = "3.1 - Data", "3.1 - Data", "{A3D7CFDC-9537-4F03-9E7E-117505FBC733}"
EndProject
Project("{2150E333-8FDC-42A3-9474-1A3956D46DE8}") = "3.2 - CrossCutting", "3.2 - CrossCutting", "{5E1E65C6-E847-4F09-AA2E-81F1BA3FBC88}"
EndProject
Project("{FAE04EC0-301F-11D3-BF4B-00C04F79EFBC}") = "UPTEAM.Infra.Data", "UPTEAM.Infra.Data\UPTEAM.Infra.Data.csproj", "{C012F0B1-7E9A-4F29-A848-F0D59EDB4458}"
EndProject
Project("{FAE04EC0-301F-11D3-BF4B-00C04F79EFBC}") = "UPTEAM.Domain", "UPTEAM.Domain\UPTEAM.Domain.csproj", "{39FF3486-E8C9-43B7-A8DB-FA9DC3958935}"
EndProject
Project("{FAE04EC0-301F-11D3-BF4B-00C04F79EFBC}") = "UPTEAM.Infra.CrossCutting", "UPTEAM.Infra.CrossCutting\UPTEAM.Infra.CrossCutting.csproj", "{8318F42E-56A3-4EA9-97AC-CA282021B52B}"
EndProject
Project("{2150E333-8FDC-42A3-9474-1A3956D46DE8}") = "0.1 - WEB", "0.1 - WEB", "{8223376A-EB60-4D54-BD11-B30B2C9D41A7}"
EndProject
Project("{2150E333-8FDC-42A3-9474-1A3956D46DE8}") = "0.2 - Mobile", "0.2 - Mobile", "{86723500-F34B-4F8A-A404-CBFAF3315D1C}"
EndProject
Project("{2150E333-8FDC-42A3-9474-1A3956D46DE8}") = "0.3 - API", "0.3 - API", "{82F612D8-F8FF-421F-BA40-AD89BB74B5C3}"
EndProject
Project("{FAE04EC0-301F-11D3-BF4B-00C04F79EFBC}") = "UPTEAM.ApplicationServices", "UPTEAM.ApplicationServices\UPTEAM.ApplicationServices.csproj", "{DF762473-D383-4E10-846E-3CDAEF5B5C87}"
EndProject
Project("{FAE04EC0-301F-11D3-BF4B-00C04F79EFBC}") = "UPTEAM.Presentation.Web", "UPTEAM.Presentation.Web\UPTEAM.Presentation.Web.csproj", "{FC492075-260F-4D7C-AE0D-694811DC214F}"
EndProject
Project("{2150E333-8FDC-42A3-9474-1A3956D46DE8}") = "Models", "Models", "{0575B8FA-FDF5-4069-BED1-CB2843F952C6}"
EndProject
Project("{FAE04EC0-301F-11D3-BF4B-00C04F79EFBC}") = "UPTEAM.Models", "UPTEAM.Models\UPTEAM.Models.csproj", "{5443AF4E-948A-40D4-9CFE-0DB35B82481C}"
EndProject
Project("{FAE04EC0-301F-11D3-BF4B-00C04F79EFBC}") = "UPTEAM.Presentation.API", "UPTEAM.Presentation.API\UPTEAM.Presentation.API.csproj", "{5182F8B5-9B31-41AE-A3AE-80D86C652091}"
EndProject
Project("{2150E333-8FDC-42A3-9474-1A3956D46DE8}") = "IoC", "IoC", "{D9791D0A-314F-42E7-979B-D7E9FEC6B303}"
EndProject
Project("{FAE04EC0-301F-11D3-BF4B-00C04F79EFBC}") = "UPTEAM.IoC", "UPTEAM.IoC\UPTEAM.IoC.csproj", "{EAE39D0D-9F7D-4F5F-8E79-710584335185}"
EndProject
Project("{2150E333-8FDC-42A3-9474-1A3956D46DE8}") = "AutoMapper", "AutoMapper", "{85D3DAB6-AF03-45CC-A10D-5D868F4BC299}"
EndProject
Project("{FAE04EC0-301F-11D3-BF4B-00C04F79EFBC}") = "UPTEAM.AutoMapper", "UPTEAM.AutoMapper\UPTEAM.AutoMapper.csproj", "{67924AE0-C32B-4D6D-BAD8-4F7726CCB8D0}"
EndProject
Project("{FAE04EC0-301F-11D3-BF4B-00C04F79EFBC}") = "UPTEAM.Test.DomainUnityTest", "UPTEAM.Test.DomainUnityTest\UPTEAM.Test.DomainUnityTest.csproj", "{3AF932BB-64F9-4033-98DC-1FCB192197DF}"
EndProject
Project("{2150E333-8FDC-42A3-9474-1A3956D46DE8}") = "4 - Test", "4 - Test", "{2E8BA8EF-D632-4986-8FC7-A25DB0D47847}"
EndProject
Global
	GlobalSection(SolutionConfigurationPlatforms) = preSolution
		Debug|Any CPU = Debug|Any CPU
		Release|Any CPU = Release|Any CPU
	EndGlobalSection
	GlobalSection(ProjectConfigurationPlatforms) = postSolution
		{C012F0B1-7E9A-4F29-A848-F0D59EDB4458}.Debug|Any CPU.ActiveCfg = Debug|Any CPU
		{C012F0B1-7E9A-4F29-A848-F0D59EDB4458}.Debug|Any CPU.Build.0 = Debug|Any CPU
		{C012F0B1-7E9A-4F29-A848-F0D59EDB4458}.Release|Any CPU.ActiveCfg = Release|Any CPU
		{C012F0B1-7E9A-4F29-A848-F0D59EDB4458}.Release|Any CPU.Build.0 = Release|Any CPU
		{39FF3486-E8C9-43B7-A8DB-FA9DC3958935}.Debug|Any CPU.ActiveCfg = Debug|Any CPU
		{39FF3486-E8C9-43B7-A8DB-FA9DC3958935}.Debug|Any CPU.Build.0 = Debug|Any CPU
		{39FF3486-E8C9-43B7-A8DB-FA9DC3958935}.Release|Any CPU.ActiveCfg = Release|Any CPU
		{39FF3486-E8C9-43B7-A8DB-FA9DC3958935}.Release|Any CPU.Build.0 = Release|Any CPU
		{8318F42E-56A3-4EA9-97AC-CA282021B52B}.Debug|Any CPU.ActiveCfg = Debug|Any CPU
		{8318F42E-56A3-4EA9-97AC-CA282021B52B}.Debug|Any CPU.Build.0 = Debug|Any CPU
		{8318F42E-56A3-4EA9-97AC-CA282021B52B}.Release|Any CPU.ActiveCfg = Release|Any CPU
		{8318F42E-56A3-4EA9-97AC-CA282021B52B}.Release|Any CPU.Build.0 = Release|Any CPU
		{DF762473-D383-4E10-846E-3CDAEF5B5C87}.Debug|Any CPU.ActiveCfg = Debug|Any CPU
		{DF762473-D383-4E10-846E-3CDAEF5B5C87}.Debug|Any CPU.Build.0 = Debug|Any CPU
		{DF762473-D383-4E10-846E-3CDAEF5B5C87}.Release|Any CPU.ActiveCfg = Release|Any CPU
		{DF762473-D383-4E10-846E-3CDAEF5B5C87}.Release|Any CPU.Build.0 = Release|Any CPU
		{FC492075-260F-4D7C-AE0D-694811DC214F}.Debug|Any CPU.ActiveCfg = Debug|Any CPU
		{FC492075-260F-4D7C-AE0D-694811DC214F}.Debug|Any CPU.Build.0 = Debug|Any CPU
		{FC492075-260F-4D7C-AE0D-694811DC214F}.Release|Any CPU.ActiveCfg = Release|Any CPU
		{FC492075-260F-4D7C-AE0D-694811DC214F}.Release|Any CPU.Build.0 = Release|Any CPU
		{5443AF4E-948A-40D4-9CFE-0DB35B82481C}.Debug|Any CPU.ActiveCfg = Debug|Any CPU
		{5443AF4E-948A-40D4-9CFE-0DB35B82481C}.Debug|Any CPU.Build.0 = Debug|Any CPU
		{5443AF4E-948A-40D4-9CFE-0DB35B82481C}.Release|Any CPU.ActiveCfg = Release|Any CPU
		{5443AF4E-948A-40D4-9CFE-0DB35B82481C}.Release|Any CPU.Build.0 = Release|Any CPU
		{5182F8B5-9B31-41AE-A3AE-80D86C652091}.Debug|Any CPU.ActiveCfg = Debug|Any CPU
		{5182F8B5-9B31-41AE-A3AE-80D86C652091}.Debug|Any CPU.Build.0 = Debug|Any CPU
		{5182F8B5-9B31-41AE-A3AE-80D86C652091}.Release|Any CPU.ActiveCfg = Release|Any CPU
		{5182F8B5-9B31-41AE-A3AE-80D86C652091}.Release|Any CPU.Build.0 = Release|Any CPU
		{EAE39D0D-9F7D-4F5F-8E79-710584335185}.Debug|Any CPU.ActiveCfg = Debug|Any CPU
		{EAE39D0D-9F7D-4F5F-8E79-710584335185}.Debug|Any CPU.Build.0 = Debug|Any CPU
		{EAE39D0D-9F7D-4F5F-8E79-710584335185}.Release|Any CPU.ActiveCfg = Release|Any CPU
		{EAE39D0D-9F7D-4F5F-8E79-710584335185}.Release|Any CPU.Build.0 = Release|Any CPU
		{67924AE0-C32B-4D6D-BAD8-4F7726CCB8D0}.Debug|Any CPU.ActiveCfg = Debug|Any CPU
		{67924AE0-C32B-4D6D-BAD8-4F7726CCB8D0}.Debug|Any CPU.Build.0 = Debug|Any CPU
		{67924AE0-C32B-4D6D-BAD8-4F7726CCB8D0}.Release|Any CPU.ActiveCfg = Release|Any CPU
		{67924AE0-C32B-4D6D-BAD8-4F7726CCB8D0}.Release|Any CPU.Build.0 = Release|Any CPU
		{3AF932BB-64F9-4033-98DC-1FCB192197DF}.Debug|Any CPU.ActiveCfg = Debug|Any CPU
		{3AF932BB-64F9-4033-98DC-1FCB192197DF}.Debug|Any CPU.Build.0 = Debug|Any CPU
		{3AF932BB-64F9-4033-98DC-1FCB192197DF}.Release|Any CPU.ActiveCfg = Release|Any CPU
		{3AF932BB-64F9-4033-98DC-1FCB192197DF}.Release|Any CPU.Build.0 = Release|Any CPU
	EndGlobalSection
	GlobalSection(SolutionProperties) = preSolution
		HideSolutionNode = FALSE
	EndGlobalSection
	GlobalSection(NestedProjects) = preSolution
		{A3D7CFDC-9537-4F03-9E7E-117505FBC733} = {47622D29-4AB4-4DC2-AC48-F588293B92A6}
		{5E1E65C6-E847-4F09-AA2E-81F1BA3FBC88} = {47622D29-4AB4-4DC2-AC48-F588293B92A6}
		{C012F0B1-7E9A-4F29-A848-F0D59EDB4458} = {A3D7CFDC-9537-4F03-9E7E-117505FBC733}
		{39FF3486-E8C9-43B7-A8DB-FA9DC3958935} = {777CC466-3EA9-4B4D-B3BC-9FA7BB425D5B}
		{8318F42E-56A3-4EA9-97AC-CA282021B52B} = {5E1E65C6-E847-4F09-AA2E-81F1BA3FBC88}
		{8223376A-EB60-4D54-BD11-B30B2C9D41A7} = {BFBCF93B-3EA2-4A5E-94B5-F53E1EAF7864}
		{86723500-F34B-4F8A-A404-CBFAF3315D1C} = {BFBCF93B-3EA2-4A5E-94B5-F53E1EAF7864}
		{82F612D8-F8FF-421F-BA40-AD89BB74B5C3} = {BFBCF93B-3EA2-4A5E-94B5-F53E1EAF7864}
		{DF762473-D383-4E10-846E-3CDAEF5B5C87} = {3590B335-D8B6-4E68-AFC4-5CA132320EBD}
		{FC492075-260F-4D7C-AE0D-694811DC214F} = {8223376A-EB60-4D54-BD11-B30B2C9D41A7}
		{0575B8FA-FDF5-4069-BED1-CB2843F952C6} = {BFBCF93B-3EA2-4A5E-94B5-F53E1EAF7864}
		{5443AF4E-948A-40D4-9CFE-0DB35B82481C} = {0575B8FA-FDF5-4069-BED1-CB2843F952C6}
		{5182F8B5-9B31-41AE-A3AE-80D86C652091} = {82F612D8-F8FF-421F-BA40-AD89BB74B5C3}
		{D9791D0A-314F-42E7-979B-D7E9FEC6B303} = {BFBCF93B-3EA2-4A5E-94B5-F53E1EAF7864}
		{EAE39D0D-9F7D-4F5F-8E79-710584335185} = {D9791D0A-314F-42E7-979B-D7E9FEC6B303}
		{85D3DAB6-AF03-45CC-A10D-5D868F4BC299} = {BFBCF93B-3EA2-4A5E-94B5-F53E1EAF7864}
		{67924AE0-C32B-4D6D-BAD8-4F7726CCB8D0} = {85D3DAB6-AF03-45CC-A10D-5D868F4BC299}
		{3AF932BB-64F9-4033-98DC-1FCB192197DF} = {2E8BA8EF-D632-4986-8FC7-A25DB0D47847}
	EndGlobalSection
EndGlobal
