
Microsoft Visual Studio Solution File, Format Version 12.00
# Visual Studio 14
VisualStudioVersion = 14.0.25420.1
MinimumVisualStudioVersion = 10.0.40219.1
Project("{2150E333-8FDC-42A3-9474-1A3956D46DE8}") = "0 - Presentation", "0 - Presentation", "{BFBCF93B-3EA2-4A5E-94B5-F53E1EAF7864}"
EndProject
Project("{2150E333-8FDC-42A3-9474-1A3956D46DE8}") = "1 - ApplicationServices", "1 - ApplicationServices", "{3590B335-D8B6-4E68-AFC4-5CA132320EBD}"
EndProject
Project("{2150E333-8FDC-42A3-9474-1A3956D46DE8}") = "2 - Domain", "2 - Domain", "{777CC466-3EA9-4B4D-B3BC-9FA7BB425D5B}"
EndProject
Project("{2150E333-8FDC-42A3-9474-1A3956D46DE8}") = "3 - Infra", "3 - Infra", "{47622D29-4AB4-4DC2-AC48-F588293B92A6}"
EndProject
Project("{2150E333-8FDC-42A3-9474-1A3956D46DE8}") = "3.1 - Data", "3.1 - Data", "{A3D7CFDC-9537-4F03-9E7E-117505FBC733}"
EndProject
Project("{2150E333-8FDC-42A3-9474-1A3956D46DE8}") = "3.2 - CrossCutting", "3.2 - CrossCutting", "{5E1E65C6-E847-4F09-AA2E-81F1BA3FBC88}"
EndProject
Project("{FAE04EC0-301F-11D3-BF4B-00C04F79EFBC}") = "UPTEAM.Infra.Data", "UPTEAM.Infra.Data\UPTEAM.Infra.Data.csproj", "{C012F0B1-7E9A-4F29-A848-F0D59EDB4458}"
EndProject
Project("{FAE04EC0-301F-11D3-BF4B-00C04F79EFBC}") = "UPTEAM.Domain", "UPTEAM.Domain\UPTEAM.Domain.csproj", "{39FF3486-E8C9-43B7-A8DB-FA9DC3958935}"
EndProject
Project("{FAE04EC0-301F-11D3-BF4B-00C04F79EFBC}") = "UPTEAM.Infra.CrossCutting", "UPTEAM.Infra.CrossCutting\UPTEAM.Infra.CrossCutting.csproj", "{8318F42E-56A3-4EA9-97AC-CA282021B52B}"
EndProject
Project("{2150E333-8FDC-42A3-9474-1A3956D46DE8}") = "0.1 - WEB", "0.1 - WEB", "{8223376A-EB60-4D54-BD11-B30B2C9D41A7}"
EndProject
Project("{2150E333-8FDC-42A3-9474-1A3956D46DE8}") = "0.2 - Mobile", "0.2 - Mobile", "{86723500-F34B-4F8A-A404-CBFAF3315D1C}"
EndProject
Project("{2150E333-8FDC-42A3-9474-1A3956D46DE8}") = "0.3 - API", "0.3 - API", "{82F612D8-F8FF-421F-BA40-AD89BB74B5C3}"
EndProject
Project("{FAE04EC0-301F-11D3-BF4B-00C04F79EFBC}") = "UPTEAM.ApplicationServices", "UPTEAM.ApplicationServices\UPTEAM.ApplicationServices.csproj", "{DF762473-D383-4E10-846E-3CDAEF5B5C87}"
EndProject
Project("{FAE04EC0-301F-11D3-BF4B-00C04F79EFBC}") = "UPTEAM.Presentation.Web", "UPTEAM.Presentation.Web\UPTEAM.Presentation.Web.csproj", "{FC492075-260F-4D7C-AE0D-694811DC214F}"
EndProject
Project("{2150E333-8FDC-42A3-9474-1A3956D46DE8}") = "Models", "Models", "{0575B8FA-FDF5-4069-BED1-CB2843F952C6}"
EndProject
Project("{FAE04EC0-301F-11D3-BF4B-00C04F79EFBC}") = "UPTEAM.Models", "UPTEAM.Models\UPTEAM.Models.csproj", "{5443AF4E-948A-40D4-9CFE-0DB35B82481C}"
EndProject
Project("{2150E333-8FDC-42A3-9474-1A3956D46DE8}") = "IoC", "IoC", "{D9791D0A-314F-42E7-979B-D7E9FEC6B303}"
EndProject
Project("{FAE04EC0-301F-11D3-BF4B-00C04F79EFBC}") = "UPTEAM.IoC", "UPTEAM.IoC\UPTEAM.IoC.csproj", "{EAE39D0D-9F7D-4F5F-8E79-710584335185}"
EndProject
Project("{2150E333-8FDC-42A3-9474-1A3956D46DE8}") = "AutoMapper", "AutoMapper", "{85D3DAB6-AF03-45CC-A10D-5D868F4BC299}"
EndProject
Project("{FAE04EC0-301F-11D3-BF4B-00C04F79EFBC}") = "UPTEAM.AutoMapper", "UPTEAM.AutoMapper\UPTEAM.AutoMapper.csproj", "{67924AE0-C32B-4D6D-BAD8-4F7726CCB8D0}"
EndProject
Project("{2150E333-8FDC-42A3-9474-1A3956D46DE8}") = "4 - Test", "4 - Test", "{2E8BA8EF-D632-4986-8FC7-A25DB0D47847}"
EndProject
Project("{FAE04EC0-301F-11D3-BF4B-00C04F79EFBC}") = "UPTEAM.Test.DomainUnityTest", "UPTEAM.Test.DomainUnityTest\UPTEAM.Test.DomainUnityTest.csproj", "{3D96184A-CDCB-451B-BB11-881BF8B9BDA3}"
EndProject
Project("{FAE04EC0-301F-11D3-BF4B-00C04F79EFBC}") = "UPTEAM.Presentation.API", "UPTEAM.Presentation.API\UPTEAM.Presentation.API.csproj", "{11969744-7337-40AA-936C-90D6AEA25C58}"
EndProject
Project("{262852C6-CD72-467D-83FE-5EEB1973A190}") = "UPTEAM.Mobile", "UPTEAM.Mobile\UPTEAM.Mobile.jsproj", "{DF65F77F-52A8-42BA-8D43-69AFC9373662}"
EndProject
Global
	GlobalSection(SolutionConfigurationPlatforms) = preSolution
		Debug|Android = Debug|Android
		Debug|Any CPU = Debug|Any CPU
		Debug|iOS = Debug|iOS
		Debug|Windows Phone (Universal) = Debug|Windows Phone (Universal)
		Debug|Windows Phone 8 = Debug|Windows Phone 8
		Debug|Windows-AnyCPU = Debug|Windows-AnyCPU
		Debug|Windows-ARM = Debug|Windows-ARM
		Debug|Windows-x64 = Debug|Windows-x64
		Debug|Windows-x86 = Debug|Windows-x86
		Release|Android = Release|Android
		Release|Any CPU = Release|Any CPU
		Release|iOS = Release|iOS
		Release|Windows Phone (Universal) = Release|Windows Phone (Universal)
		Release|Windows Phone 8 = Release|Windows Phone 8
		Release|Windows-AnyCPU = Release|Windows-AnyCPU
		Release|Windows-ARM = Release|Windows-ARM
		Release|Windows-x64 = Release|Windows-x64
		Release|Windows-x86 = Release|Windows-x86
	EndGlobalSection
	GlobalSection(ProjectConfigurationPlatforms) = postSolution
		{C012F0B1-7E9A-4F29-A848-F0D59EDB4458}.Debug|Android.ActiveCfg = Debug|Any CPU
		{C012F0B1-7E9A-4F29-A848-F0D59EDB4458}.Debug|Android.Build.0 = Debug|Any CPU
		{C012F0B1-7E9A-4F29-A848-F0D59EDB4458}.Debug|Any CPU.ActiveCfg = Debug|Any CPU
		{C012F0B1-7E9A-4F29-A848-F0D59EDB4458}.Debug|Any CPU.Build.0 = Debug|Any CPU
		{C012F0B1-7E9A-4F29-A848-F0D59EDB4458}.Debug|iOS.ActiveCfg = Debug|Any CPU
		{C012F0B1-7E9A-4F29-A848-F0D59EDB4458}.Debug|iOS.Build.0 = Debug|Any CPU
		{C012F0B1-7E9A-4F29-A848-F0D59EDB4458}.Debug|Windows Phone (Universal).ActiveCfg = Debug|Any CPU
		{C012F0B1-7E9A-4F29-A848-F0D59EDB4458}.Debug|Windows Phone (Universal).Build.0 = Debug|Any CPU
		{C012F0B1-7E9A-4F29-A848-F0D59EDB4458}.Debug|Windows Phone 8.ActiveCfg = Debug|Any CPU
		{C012F0B1-7E9A-4F29-A848-F0D59EDB4458}.Debug|Windows Phone 8.Build.0 = Debug|Any CPU
		{C012F0B1-7E9A-4F29-A848-F0D59EDB4458}.Debug|Windows-AnyCPU.ActiveCfg = Debug|Any CPU
		{C012F0B1-7E9A-4F29-A848-F0D59EDB4458}.Debug|Windows-AnyCPU.Build.0 = Debug|Any CPU
		{C012F0B1-7E9A-4F29-A848-F0D59EDB4458}.Debug|Windows-ARM.ActiveCfg = Debug|Any CPU
		{C012F0B1-7E9A-4F29-A848-F0D59EDB4458}.Debug|Windows-ARM.Build.0 = Debug|Any CPU
		{C012F0B1-7E9A-4F29-A848-F0D59EDB4458}.Debug|Windows-x64.ActiveCfg = Debug|Any CPU
		{C012F0B1-7E9A-4F29-A848-F0D59EDB4458}.Debug|Windows-x64.Build.0 = Debug|Any CPU
		{C012F0B1-7E9A-4F29-A848-F0D59EDB4458}.Debug|Windows-x86.ActiveCfg = Debug|Any CPU
		{C012F0B1-7E9A-4F29-A848-F0D59EDB4458}.Debug|Windows-x86.Build.0 = Debug|Any CPU
		{C012F0B1-7E9A-4F29-A848-F0D59EDB4458}.Release|Android.ActiveCfg = Release|Any CPU
		{C012F0B1-7E9A-4F29-A848-F0D59EDB4458}.Release|Android.Build.0 = Release|Any CPU
		{C012F0B1-7E9A-4F29-A848-F0D59EDB4458}.Release|Any CPU.ActiveCfg = Release|Any CPU
		{C012F0B1-7E9A-4F29-A848-F0D59EDB4458}.Release|Any CPU.Build.0 = Release|Any CPU
		{C012F0B1-7E9A-4F29-A848-F0D59EDB4458}.Release|iOS.ActiveCfg = Release|Any CPU
		{C012F0B1-7E9A-4F29-A848-F0D59EDB4458}.Release|iOS.Build.0 = Release|Any CPU
		{C012F0B1-7E9A-4F29-A848-F0D59EDB4458}.Release|Windows Phone (Universal).ActiveCfg = Release|Any CPU
		{C012F0B1-7E9A-4F29-A848-F0D59EDB4458}.Release|Windows Phone (Universal).Build.0 = Release|Any CPU
		{C012F0B1-7E9A-4F29-A848-F0D59EDB4458}.Release|Windows Phone 8.ActiveCfg = Release|Any CPU
		{C012F0B1-7E9A-4F29-A848-F0D59EDB4458}.Release|Windows Phone 8.Build.0 = Release|Any CPU
		{C012F0B1-7E9A-4F29-A848-F0D59EDB4458}.Release|Windows-AnyCPU.ActiveCfg = Release|Any CPU
		{C012F0B1-7E9A-4F29-A848-F0D59EDB4458}.Release|Windows-AnyCPU.Build.0 = Release|Any CPU
		{C012F0B1-7E9A-4F29-A848-F0D59EDB4458}.Release|Windows-ARM.ActiveCfg = Release|Any CPU
		{C012F0B1-7E9A-4F29-A848-F0D59EDB4458}.Release|Windows-ARM.Build.0 = Release|Any CPU
		{C012F0B1-7E9A-4F29-A848-F0D59EDB4458}.Release|Windows-x64.ActiveCfg = Release|Any CPU
		{C012F0B1-7E9A-4F29-A848-F0D59EDB4458}.Release|Windows-x64.Build.0 = Release|Any CPU
		{C012F0B1-7E9A-4F29-A848-F0D59EDB4458}.Release|Windows-x86.ActiveCfg = Release|Any CPU
		{C012F0B1-7E9A-4F29-A848-F0D59EDB4458}.Release|Windows-x86.Build.0 = Release|Any CPU
		{39FF3486-E8C9-43B7-A8DB-FA9DC3958935}.Debug|Android.ActiveCfg = Debug|Any CPU
		{39FF3486-E8C9-43B7-A8DB-FA9DC3958935}.Debug|Android.Build.0 = Debug|Any CPU
		{39FF3486-E8C9-43B7-A8DB-FA9DC3958935}.Debug|Any CPU.ActiveCfg = Debug|Any CPU
		{39FF3486-E8C9-43B7-A8DB-FA9DC3958935}.Debug|Any CPU.Build.0 = Debug|Any CPU
		{39FF3486-E8C9-43B7-A8DB-FA9DC3958935}.Debug|iOS.ActiveCfg = Debug|Any CPU
		{39FF3486-E8C9-43B7-A8DB-FA9DC3958935}.Debug|iOS.Build.0 = Debug|Any CPU
		{39FF3486-E8C9-43B7-A8DB-FA9DC3958935}.Debug|Windows Phone (Universal).ActiveCfg = Debug|Any CPU
		{39FF3486-E8C9-43B7-A8DB-FA9DC3958935}.Debug|Windows Phone (Universal).Build.0 = Debug|Any CPU
		{39FF3486-E8C9-43B7-A8DB-FA9DC3958935}.Debug|Windows Phone 8.ActiveCfg = Debug|Any CPU
		{39FF3486-E8C9-43B7-A8DB-FA9DC3958935}.Debug|Windows Phone 8.Build.0 = Debug|Any CPU
		{39FF3486-E8C9-43B7-A8DB-FA9DC3958935}.Debug|Windows-AnyCPU.ActiveCfg = Debug|Any CPU
		{39FF3486-E8C9-43B7-A8DB-FA9DC3958935}.Debug|Windows-AnyCPU.Build.0 = Debug|Any CPU
		{39FF3486-E8C9-43B7-A8DB-FA9DC3958935}.Debug|Windows-ARM.ActiveCfg = Debug|Any CPU
		{39FF3486-E8C9-43B7-A8DB-FA9DC3958935}.Debug|Windows-ARM.Build.0 = Debug|Any CPU
		{39FF3486-E8C9-43B7-A8DB-FA9DC3958935}.Debug|Windows-x64.ActiveCfg = Debug|Any CPU
		{39FF3486-E8C9-43B7-A8DB-FA9DC3958935}.Debug|Windows-x64.Build.0 = Debug|Any CPU
		{39FF3486-E8C9-43B7-A8DB-FA9DC3958935}.Debug|Windows-x86.ActiveCfg = Debug|Any CPU
		{39FF3486-E8C9-43B7-A8DB-FA9DC3958935}.Debug|Windows-x86.Build.0 = Debug|Any CPU
		{39FF3486-E8C9-43B7-A8DB-FA9DC3958935}.Release|Android.ActiveCfg = Release|Any CPU
		{39FF3486-E8C9-43B7-A8DB-FA9DC3958935}.Release|Android.Build.0 = Release|Any CPU
		{39FF3486-E8C9-43B7-A8DB-FA9DC3958935}.Release|Any CPU.ActiveCfg = Release|Any CPU
		{39FF3486-E8C9-43B7-A8DB-FA9DC3958935}.Release|Any CPU.Build.0 = Release|Any CPU
		{39FF3486-E8C9-43B7-A8DB-FA9DC3958935}.Release|iOS.ActiveCfg = Release|Any CPU
		{39FF3486-E8C9-43B7-A8DB-FA9DC3958935}.Release|iOS.Build.0 = Release|Any CPU
		{39FF3486-E8C9-43B7-A8DB-FA9DC3958935}.Release|Windows Phone (Universal).ActiveCfg = Release|Any CPU
		{39FF3486-E8C9-43B7-A8DB-FA9DC3958935}.Release|Windows Phone (Universal).Build.0 = Release|Any CPU
		{39FF3486-E8C9-43B7-A8DB-FA9DC3958935}.Release|Windows Phone 8.ActiveCfg = Release|Any CPU
		{39FF3486-E8C9-43B7-A8DB-FA9DC3958935}.Release|Windows Phone 8.Build.0 = Release|Any CPU
		{39FF3486-E8C9-43B7-A8DB-FA9DC3958935}.Release|Windows-AnyCPU.ActiveCfg = Release|Any CPU
		{39FF3486-E8C9-43B7-A8DB-FA9DC3958935}.Release|Windows-AnyCPU.Build.0 = Release|Any CPU
		{39FF3486-E8C9-43B7-A8DB-FA9DC3958935}.Release|Windows-ARM.ActiveCfg = Release|Any CPU
		{39FF3486-E8C9-43B7-A8DB-FA9DC3958935}.Release|Windows-ARM.Build.0 = Release|Any CPU
		{39FF3486-E8C9-43B7-A8DB-FA9DC3958935}.Release|Windows-x64.ActiveCfg = Release|Any CPU
		{39FF3486-E8C9-43B7-A8DB-FA9DC3958935}.Release|Windows-x64.Build.0 = Release|Any CPU
		{39FF3486-E8C9-43B7-A8DB-FA9DC3958935}.Release|Windows-x86.ActiveCfg = Release|Any CPU
		{39FF3486-E8C9-43B7-A8DB-FA9DC3958935}.Release|Windows-x86.Build.0 = Release|Any CPU
		{8318F42E-56A3-4EA9-97AC-CA282021B52B}.Debug|Android.ActiveCfg = Debug|Any CPU
		{8318F42E-56A3-4EA9-97AC-CA282021B52B}.Debug|Android.Build.0 = Debug|Any CPU
		{8318F42E-56A3-4EA9-97AC-CA282021B52B}.Debug|Any CPU.ActiveCfg = Debug|Any CPU
		{8318F42E-56A3-4EA9-97AC-CA282021B52B}.Debug|Any CPU.Build.0 = Debug|Any CPU
		{8318F42E-56A3-4EA9-97AC-CA282021B52B}.Debug|iOS.ActiveCfg = Debug|Any CPU
		{8318F42E-56A3-4EA9-97AC-CA282021B52B}.Debug|iOS.Build.0 = Debug|Any CPU
		{8318F42E-56A3-4EA9-97AC-CA282021B52B}.Debug|Windows Phone (Universal).ActiveCfg = Debug|Any CPU
		{8318F42E-56A3-4EA9-97AC-CA282021B52B}.Debug|Windows Phone (Universal).Build.0 = Debug|Any CPU
		{8318F42E-56A3-4EA9-97AC-CA282021B52B}.Debug|Windows Phone 8.ActiveCfg = Debug|Any CPU
		{8318F42E-56A3-4EA9-97AC-CA282021B52B}.Debug|Windows Phone 8.Build.0 = Debug|Any CPU
		{8318F42E-56A3-4EA9-97AC-CA282021B52B}.Debug|Windows-AnyCPU.ActiveCfg = Debug|Any CPU
		{8318F42E-56A3-4EA9-97AC-CA282021B52B}.Debug|Windows-AnyCPU.Build.0 = Debug|Any CPU
		{8318F42E-56A3-4EA9-97AC-CA282021B52B}.Debug|Windows-ARM.ActiveCfg = Debug|Any CPU
		{8318F42E-56A3-4EA9-97AC-CA282021B52B}.Debug|Windows-ARM.Build.0 = Debug|Any CPU
		{8318F42E-56A3-4EA9-97AC-CA282021B52B}.Debug|Windows-x64.ActiveCfg = Debug|Any CPU
		{8318F42E-56A3-4EA9-97AC-CA282021B52B}.Debug|Windows-x64.Build.0 = Debug|Any CPU
		{8318F42E-56A3-4EA9-97AC-CA282021B52B}.Debug|Windows-x86.ActiveCfg = Debug|Any CPU
		{8318F42E-56A3-4EA9-97AC-CA282021B52B}.Debug|Windows-x86.Build.0 = Debug|Any CPU
		{8318F42E-56A3-4EA9-97AC-CA282021B52B}.Release|Android.ActiveCfg = Release|Any CPU
		{8318F42E-56A3-4EA9-97AC-CA282021B52B}.Release|Android.Build.0 = Release|Any CPU
		{8318F42E-56A3-4EA9-97AC-CA282021B52B}.Release|Any CPU.ActiveCfg = Release|Any CPU
		{8318F42E-56A3-4EA9-97AC-CA282021B52B}.Release|Any CPU.Build.0 = Release|Any CPU
		{8318F42E-56A3-4EA9-97AC-CA282021B52B}.Release|iOS.ActiveCfg = Release|Any CPU
		{8318F42E-56A3-4EA9-97AC-CA282021B52B}.Release|iOS.Build.0 = Release|Any CPU
		{8318F42E-56A3-4EA9-97AC-CA282021B52B}.Release|Windows Phone (Universal).ActiveCfg = Release|Any CPU
		{8318F42E-56A3-4EA9-97AC-CA282021B52B}.Release|Windows Phone (Universal).Build.0 = Release|Any CPU
		{8318F42E-56A3-4EA9-97AC-CA282021B52B}.Release|Windows Phone 8.ActiveCfg = Release|Any CPU
		{8318F42E-56A3-4EA9-97AC-CA282021B52B}.Release|Windows Phone 8.Build.0 = Release|Any CPU
		{8318F42E-56A3-4EA9-97AC-CA282021B52B}.Release|Windows-AnyCPU.ActiveCfg = Release|Any CPU
		{8318F42E-56A3-4EA9-97AC-CA282021B52B}.Release|Windows-AnyCPU.Build.0 = Release|Any CPU
		{8318F42E-56A3-4EA9-97AC-CA282021B52B}.Release|Windows-ARM.ActiveCfg = Release|Any CPU
		{8318F42E-56A3-4EA9-97AC-CA282021B52B}.Release|Windows-ARM.Build.0 = Release|Any CPU
		{8318F42E-56A3-4EA9-97AC-CA282021B52B}.Release|Windows-x64.ActiveCfg = Release|Any CPU
		{8318F42E-56A3-4EA9-97AC-CA282021B52B}.Release|Windows-x64.Build.0 = Release|Any CPU
		{8318F42E-56A3-4EA9-97AC-CA282021B52B}.Release|Windows-x86.ActiveCfg = Release|Any CPU
		{8318F42E-56A3-4EA9-97AC-CA282021B52B}.Release|Windows-x86.Build.0 = Release|Any CPU
		{DF762473-D383-4E10-846E-3CDAEF5B5C87}.Debug|Android.ActiveCfg = Debug|Any CPU
		{DF762473-D383-4E10-846E-3CDAEF5B5C87}.Debug|Android.Build.0 = Debug|Any CPU
		{DF762473-D383-4E10-846E-3CDAEF5B5C87}.Debug|Any CPU.ActiveCfg = Debug|Any CPU
		{DF762473-D383-4E10-846E-3CDAEF5B5C87}.Debug|Any CPU.Build.0 = Debug|Any CPU
		{DF762473-D383-4E10-846E-3CDAEF5B5C87}.Debug|iOS.ActiveCfg = Debug|Any CPU
		{DF762473-D383-4E10-846E-3CDAEF5B5C87}.Debug|iOS.Build.0 = Debug|Any CPU
		{DF762473-D383-4E10-846E-3CDAEF5B5C87}.Debug|Windows Phone (Universal).ActiveCfg = Debug|Any CPU
		{DF762473-D383-4E10-846E-3CDAEF5B5C87}.Debug|Windows Phone (Universal).Build.0 = Debug|Any CPU
		{DF762473-D383-4E10-846E-3CDAEF5B5C87}.Debug|Windows Phone 8.ActiveCfg = Debug|Any CPU
		{DF762473-D383-4E10-846E-3CDAEF5B5C87}.Debug|Windows Phone 8.Build.0 = Debug|Any CPU
		{DF762473-D383-4E10-846E-3CDAEF5B5C87}.Debug|Windows-AnyCPU.ActiveCfg = Debug|Any CPU
		{DF762473-D383-4E10-846E-3CDAEF5B5C87}.Debug|Windows-AnyCPU.Build.0 = Debug|Any CPU
		{DF762473-D383-4E10-846E-3CDAEF5B5C87}.Debug|Windows-ARM.ActiveCfg = Debug|Any CPU
		{DF762473-D383-4E10-846E-3CDAEF5B5C87}.Debug|Windows-ARM.Build.0 = Debug|Any CPU
		{DF762473-D383-4E10-846E-3CDAEF5B5C87}.Debug|Windows-x64.ActiveCfg = Debug|Any CPU
		{DF762473-D383-4E10-846E-3CDAEF5B5C87}.Debug|Windows-x64.Build.0 = Debug|Any CPU
		{DF762473-D383-4E10-846E-3CDAEF5B5C87}.Debug|Windows-x86.ActiveCfg = Debug|Any CPU
		{DF762473-D383-4E10-846E-3CDAEF5B5C87}.Debug|Windows-x86.Build.0 = Debug|Any CPU
		{DF762473-D383-4E10-846E-3CDAEF5B5C87}.Release|Android.ActiveCfg = Release|Any CPU
		{DF762473-D383-4E10-846E-3CDAEF5B5C87}.Release|Android.Build.0 = Release|Any CPU
		{DF762473-D383-4E10-846E-3CDAEF5B5C87}.Release|Any CPU.ActiveCfg = Release|Any CPU
		{DF762473-D383-4E10-846E-3CDAEF5B5C87}.Release|Any CPU.Build.0 = Release|Any CPU
		{DF762473-D383-4E10-846E-3CDAEF5B5C87}.Release|iOS.ActiveCfg = Release|Any CPU
		{DF762473-D383-4E10-846E-3CDAEF5B5C87}.Release|iOS.Build.0 = Release|Any CPU
		{DF762473-D383-4E10-846E-3CDAEF5B5C87}.Release|Windows Phone (Universal).ActiveCfg = Release|Any CPU
		{DF762473-D383-4E10-846E-3CDAEF5B5C87}.Release|Windows Phone (Universal).Build.0 = Release|Any CPU
		{DF762473-D383-4E10-846E-3CDAEF5B5C87}.Release|Windows Phone 8.ActiveCfg = Release|Any CPU
		{DF762473-D383-4E10-846E-3CDAEF5B5C87}.Release|Windows Phone 8.Build.0 = Release|Any CPU
		{DF762473-D383-4E10-846E-3CDAEF5B5C87}.Release|Windows-AnyCPU.ActiveCfg = Release|Any CPU
		{DF762473-D383-4E10-846E-3CDAEF5B5C87}.Release|Windows-AnyCPU.Build.0 = Release|Any CPU
		{DF762473-D383-4E10-846E-3CDAEF5B5C87}.Release|Windows-ARM.ActiveCfg = Release|Any CPU
		{DF762473-D383-4E10-846E-3CDAEF5B5C87}.Release|Windows-ARM.Build.0 = Release|Any CPU
		{DF762473-D383-4E10-846E-3CDAEF5B5C87}.Release|Windows-x64.ActiveCfg = Release|Any CPU
		{DF762473-D383-4E10-846E-3CDAEF5B5C87}.Release|Windows-x64.Build.0 = Release|Any CPU
		{DF762473-D383-4E10-846E-3CDAEF5B5C87}.Release|Windows-x86.ActiveCfg = Release|Any CPU
		{DF762473-D383-4E10-846E-3CDAEF5B5C87}.Release|Windows-x86.Build.0 = Release|Any CPU
		{FC492075-260F-4D7C-AE0D-694811DC214F}.Debug|Android.ActiveCfg = Debug|Any CPU
		{FC492075-260F-4D7C-AE0D-694811DC214F}.Debug|Android.Build.0 = Debug|Any CPU
		{FC492075-260F-4D7C-AE0D-694811DC214F}.Debug|Any CPU.ActiveCfg = Debug|Any CPU
		{FC492075-260F-4D7C-AE0D-694811DC214F}.Debug|Any CPU.Build.0 = Debug|Any CPU
		{FC492075-260F-4D7C-AE0D-694811DC214F}.Debug|iOS.ActiveCfg = Debug|Any CPU
		{FC492075-260F-4D7C-AE0D-694811DC214F}.Debug|iOS.Build.0 = Debug|Any CPU
		{FC492075-260F-4D7C-AE0D-694811DC214F}.Debug|Windows Phone (Universal).ActiveCfg = Debug|Any CPU
		{FC492075-260F-4D7C-AE0D-694811DC214F}.Debug|Windows Phone (Universal).Build.0 = Debug|Any CPU
		{FC492075-260F-4D7C-AE0D-694811DC214F}.Debug|Windows Phone 8.ActiveCfg = Debug|Any CPU
		{FC492075-260F-4D7C-AE0D-694811DC214F}.Debug|Windows Phone 8.Build.0 = Debug|Any CPU
		{FC492075-260F-4D7C-AE0D-694811DC214F}.Debug|Windows-AnyCPU.ActiveCfg = Debug|Any CPU
		{FC492075-260F-4D7C-AE0D-694811DC214F}.Debug|Windows-AnyCPU.Build.0 = Debug|Any CPU
		{FC492075-260F-4D7C-AE0D-694811DC214F}.Debug|Windows-ARM.ActiveCfg = Debug|Any CPU
		{FC492075-260F-4D7C-AE0D-694811DC214F}.Debug|Windows-ARM.Build.0 = Debug|Any CPU
		{FC492075-260F-4D7C-AE0D-694811DC214F}.Debug|Windows-x64.ActiveCfg = Debug|Any CPU
		{FC492075-260F-4D7C-AE0D-694811DC214F}.Debug|Windows-x64.Build.0 = Debug|Any CPU
		{FC492075-260F-4D7C-AE0D-694811DC214F}.Debug|Windows-x86.ActiveCfg = Debug|Any CPU
		{FC492075-260F-4D7C-AE0D-694811DC214F}.Debug|Windows-x86.Build.0 = Debug|Any CPU
		{FC492075-260F-4D7C-AE0D-694811DC214F}.Release|Android.ActiveCfg = Release|Any CPU
		{FC492075-260F-4D7C-AE0D-694811DC214F}.Release|Android.Build.0 = Release|Any CPU
		{FC492075-260F-4D7C-AE0D-694811DC214F}.Release|Any CPU.ActiveCfg = Release|Any CPU
		{FC492075-260F-4D7C-AE0D-694811DC214F}.Release|Any CPU.Build.0 = Release|Any CPU
		{FC492075-260F-4D7C-AE0D-694811DC214F}.Release|iOS.ActiveCfg = Release|Any CPU
		{FC492075-260F-4D7C-AE0D-694811DC214F}.Release|iOS.Build.0 = Release|Any CPU
		{FC492075-260F-4D7C-AE0D-694811DC214F}.Release|Windows Phone (Universal).ActiveCfg = Release|Any CPU
		{FC492075-260F-4D7C-AE0D-694811DC214F}.Release|Windows Phone (Universal).Build.0 = Release|Any CPU
		{FC492075-260F-4D7C-AE0D-694811DC214F}.Release|Windows Phone 8.ActiveCfg = Release|Any CPU
		{FC492075-260F-4D7C-AE0D-694811DC214F}.Release|Windows Phone 8.Build.0 = Release|Any CPU
		{FC492075-260F-4D7C-AE0D-694811DC214F}.Release|Windows-AnyCPU.ActiveCfg = Release|Any CPU
		{FC492075-260F-4D7C-AE0D-694811DC214F}.Release|Windows-AnyCPU.Build.0 = Release|Any CPU
		{FC492075-260F-4D7C-AE0D-694811DC214F}.Release|Windows-ARM.ActiveCfg = Release|Any CPU
		{FC492075-260F-4D7C-AE0D-694811DC214F}.Release|Windows-ARM.Build.0 = Release|Any CPU
		{FC492075-260F-4D7C-AE0D-694811DC214F}.Release|Windows-x64.ActiveCfg = Release|Any CPU
		{FC492075-260F-4D7C-AE0D-694811DC214F}.Release|Windows-x64.Build.0 = Release|Any CPU
		{FC492075-260F-4D7C-AE0D-694811DC214F}.Release|Windows-x86.ActiveCfg = Release|Any CPU
		{FC492075-260F-4D7C-AE0D-694811DC214F}.Release|Windows-x86.Build.0 = Release|Any CPU
		{5443AF4E-948A-40D4-9CFE-0DB35B82481C}.Debug|Android.ActiveCfg = Debug|Any CPU
		{5443AF4E-948A-40D4-9CFE-0DB35B82481C}.Debug|Android.Build.0 = Debug|Any CPU
		{5443AF4E-948A-40D4-9CFE-0DB35B82481C}.Debug|Any CPU.ActiveCfg = Debug|Any CPU
		{5443AF4E-948A-40D4-9CFE-0DB35B82481C}.Debug|Any CPU.Build.0 = Debug|Any CPU
		{5443AF4E-948A-40D4-9CFE-0DB35B82481C}.Debug|iOS.ActiveCfg = Debug|Any CPU
		{5443AF4E-948A-40D4-9CFE-0DB35B82481C}.Debug|iOS.Build.0 = Debug|Any CPU
		{5443AF4E-948A-40D4-9CFE-0DB35B82481C}.Debug|Windows Phone (Universal).ActiveCfg = Debug|Any CPU
		{5443AF4E-948A-40D4-9CFE-0DB35B82481C}.Debug|Windows Phone (Universal).Build.0 = Debug|Any CPU
		{5443AF4E-948A-40D4-9CFE-0DB35B82481C}.Debug|Windows Phone 8.ActiveCfg = Debug|Any CPU
		{5443AF4E-948A-40D4-9CFE-0DB35B82481C}.Debug|Windows Phone 8.Build.0 = Debug|Any CPU
		{5443AF4E-948A-40D4-9CFE-0DB35B82481C}.Debug|Windows-AnyCPU.ActiveCfg = Debug|Any CPU
		{5443AF4E-948A-40D4-9CFE-0DB35B82481C}.Debug|Windows-AnyCPU.Build.0 = Debug|Any CPU
		{5443AF4E-948A-40D4-9CFE-0DB35B82481C}.Debug|Windows-ARM.ActiveCfg = Debug|Any CPU
		{5443AF4E-948A-40D4-9CFE-0DB35B82481C}.Debug|Windows-ARM.Build.0 = Debug|Any CPU
		{5443AF4E-948A-40D4-9CFE-0DB35B82481C}.Debug|Windows-x64.ActiveCfg = Debug|Any CPU
		{5443AF4E-948A-40D4-9CFE-0DB35B82481C}.Debug|Windows-x64.Build.0 = Debug|Any CPU
		{5443AF4E-948A-40D4-9CFE-0DB35B82481C}.Debug|Windows-x86.ActiveCfg = Debug|Any CPU
		{5443AF4E-948A-40D4-9CFE-0DB35B82481C}.Debug|Windows-x86.Build.0 = Debug|Any CPU
		{5443AF4E-948A-40D4-9CFE-0DB35B82481C}.Release|Android.ActiveCfg = Release|Any CPU
		{5443AF4E-948A-40D4-9CFE-0DB35B82481C}.Release|Android.Build.0 = Release|Any CPU
		{5443AF4E-948A-40D4-9CFE-0DB35B82481C}.Release|Any CPU.ActiveCfg = Release|Any CPU
		{5443AF4E-948A-40D4-9CFE-0DB35B82481C}.Release|Any CPU.Build.0 = Release|Any CPU
		{5443AF4E-948A-40D4-9CFE-0DB35B82481C}.Release|iOS.ActiveCfg = Release|Any CPU
		{5443AF4E-948A-40D4-9CFE-0DB35B82481C}.Release|iOS.Build.0 = Release|Any CPU
		{5443AF4E-948A-40D4-9CFE-0DB35B82481C}.Release|Windows Phone (Universal).ActiveCfg = Release|Any CPU
		{5443AF4E-948A-40D4-9CFE-0DB35B82481C}.Release|Windows Phone (Universal).Build.0 = Release|Any CPU
		{5443AF4E-948A-40D4-9CFE-0DB35B82481C}.Release|Windows Phone 8.ActiveCfg = Release|Any CPU
		{5443AF4E-948A-40D4-9CFE-0DB35B82481C}.Release|Windows Phone 8.Build.0 = Release|Any CPU
		{5443AF4E-948A-40D4-9CFE-0DB35B82481C}.Release|Windows-AnyCPU.ActiveCfg = Release|Any CPU
		{5443AF4E-948A-40D4-9CFE-0DB35B82481C}.Release|Windows-AnyCPU.Build.0 = Release|Any CPU
		{5443AF4E-948A-40D4-9CFE-0DB35B82481C}.Release|Windows-ARM.ActiveCfg = Release|Any CPU
		{5443AF4E-948A-40D4-9CFE-0DB35B82481C}.Release|Windows-ARM.Build.0 = Release|Any CPU
		{5443AF4E-948A-40D4-9CFE-0DB35B82481C}.Release|Windows-x64.ActiveCfg = Release|Any CPU
		{5443AF4E-948A-40D4-9CFE-0DB35B82481C}.Release|Windows-x64.Build.0 = Release|Any CPU
		{5443AF4E-948A-40D4-9CFE-0DB35B82481C}.Release|Windows-x86.ActiveCfg = Release|Any CPU
		{5443AF4E-948A-40D4-9CFE-0DB35B82481C}.Release|Windows-x86.Build.0 = Release|Any CPU
		{EAE39D0D-9F7D-4F5F-8E79-710584335185}.Debug|Android.ActiveCfg = Debug|Any CPU
		{EAE39D0D-9F7D-4F5F-8E79-710584335185}.Debug|Android.Build.0 = Debug|Any CPU
		{EAE39D0D-9F7D-4F5F-8E79-710584335185}.Debug|Any CPU.ActiveCfg = Debug|Any CPU
		{EAE39D0D-9F7D-4F5F-8E79-710584335185}.Debug|Any CPU.Build.0 = Debug|Any CPU
		{EAE39D0D-9F7D-4F5F-8E79-710584335185}.Debug|iOS.ActiveCfg = Debug|Any CPU
		{EAE39D0D-9F7D-4F5F-8E79-710584335185}.Debug|iOS.Build.0 = Debug|Any CPU
		{EAE39D0D-9F7D-4F5F-8E79-710584335185}.Debug|Windows Phone (Universal).ActiveCfg = Debug|Any CPU
		{EAE39D0D-9F7D-4F5F-8E79-710584335185}.Debug|Windows Phone (Universal).Build.0 = Debug|Any CPU
		{EAE39D0D-9F7D-4F5F-8E79-710584335185}.Debug|Windows Phone 8.ActiveCfg = Debug|Any CPU
		{EAE39D0D-9F7D-4F5F-8E79-710584335185}.Debug|Windows Phone 8.Build.0 = Debug|Any CPU
		{EAE39D0D-9F7D-4F5F-8E79-710584335185}.Debug|Windows-AnyCPU.ActiveCfg = Debug|Any CPU
		{EAE39D0D-9F7D-4F5F-8E79-710584335185}.Debug|Windows-AnyCPU.Build.0 = Debug|Any CPU
		{EAE39D0D-9F7D-4F5F-8E79-710584335185}.Debug|Windows-ARM.ActiveCfg = Debug|Any CPU
		{EAE39D0D-9F7D-4F5F-8E79-710584335185}.Debug|Windows-ARM.Build.0 = Debug|Any CPU
		{EAE39D0D-9F7D-4F5F-8E79-710584335185}.Debug|Windows-x64.ActiveCfg = Debug|Any CPU
		{EAE39D0D-9F7D-4F5F-8E79-710584335185}.Debug|Windows-x64.Build.0 = Debug|Any CPU
		{EAE39D0D-9F7D-4F5F-8E79-710584335185}.Debug|Windows-x86.ActiveCfg = Debug|Any CPU
		{EAE39D0D-9F7D-4F5F-8E79-710584335185}.Debug|Windows-x86.Build.0 = Debug|Any CPU
		{EAE39D0D-9F7D-4F5F-8E79-710584335185}.Release|Android.ActiveCfg = Release|Any CPU
		{EAE39D0D-9F7D-4F5F-8E79-710584335185}.Release|Android.Build.0 = Release|Any CPU
		{EAE39D0D-9F7D-4F5F-8E79-710584335185}.Release|Any CPU.ActiveCfg = Release|Any CPU
		{EAE39D0D-9F7D-4F5F-8E79-710584335185}.Release|Any CPU.Build.0 = Release|Any CPU
		{EAE39D0D-9F7D-4F5F-8E79-710584335185}.Release|iOS.ActiveCfg = Release|Any CPU
		{EAE39D0D-9F7D-4F5F-8E79-710584335185}.Release|iOS.Build.0 = Release|Any CPU
		{EAE39D0D-9F7D-4F5F-8E79-710584335185}.Release|Windows Phone (Universal).ActiveCfg = Release|Any CPU
		{EAE39D0D-9F7D-4F5F-8E79-710584335185}.Release|Windows Phone (Universal).Build.0 = Release|Any CPU
		{EAE39D0D-9F7D-4F5F-8E79-710584335185}.Release|Windows Phone 8.ActiveCfg = Release|Any CPU
		{EAE39D0D-9F7D-4F5F-8E79-710584335185}.Release|Windows Phone 8.Build.0 = Release|Any CPU
		{EAE39D0D-9F7D-4F5F-8E79-710584335185}.Release|Windows-AnyCPU.ActiveCfg = Release|Any CPU
		{EAE39D0D-9F7D-4F5F-8E79-710584335185}.Release|Windows-AnyCPU.Build.0 = Release|Any CPU
		{EAE39D0D-9F7D-4F5F-8E79-710584335185}.Release|Windows-ARM.ActiveCfg = Release|Any CPU
		{EAE39D0D-9F7D-4F5F-8E79-710584335185}.Release|Windows-ARM.Build.0 = Release|Any CPU
		{EAE39D0D-9F7D-4F5F-8E79-710584335185}.Release|Windows-x64.ActiveCfg = Release|Any CPU
		{EAE39D0D-9F7D-4F5F-8E79-710584335185}.Release|Windows-x64.Build.0 = Release|Any CPU
		{EAE39D0D-9F7D-4F5F-8E79-710584335185}.Release|Windows-x86.ActiveCfg = Release|Any CPU
		{EAE39D0D-9F7D-4F5F-8E79-710584335185}.Release|Windows-x86.Build.0 = Release|Any CPU
		{67924AE0-C32B-4D6D-BAD8-4F7726CCB8D0}.Debug|Android.ActiveCfg = Debug|Any CPU
		{67924AE0-C32B-4D6D-BAD8-4F7726CCB8D0}.Debug|Android.Build.0 = Debug|Any CPU
		{67924AE0-C32B-4D6D-BAD8-4F7726CCB8D0}.Debug|Any CPU.ActiveCfg = Debug|Any CPU
		{67924AE0-C32B-4D6D-BAD8-4F7726CCB8D0}.Debug|Any CPU.Build.0 = Debug|Any CPU
		{67924AE0-C32B-4D6D-BAD8-4F7726CCB8D0}.Debug|iOS.ActiveCfg = Debug|Any CPU
		{67924AE0-C32B-4D6D-BAD8-4F7726CCB8D0}.Debug|iOS.Build.0 = Debug|Any CPU
		{67924AE0-C32B-4D6D-BAD8-4F7726CCB8D0}.Debug|Windows Phone (Universal).ActiveCfg = Debug|Any CPU
		{67924AE0-C32B-4D6D-BAD8-4F7726CCB8D0}.Debug|Windows Phone (Universal).Build.0 = Debug|Any CPU
		{67924AE0-C32B-4D6D-BAD8-4F7726CCB8D0}.Debug|Windows Phone 8.ActiveCfg = Debug|Any CPU
		{67924AE0-C32B-4D6D-BAD8-4F7726CCB8D0}.Debug|Windows Phone 8.Build.0 = Debug|Any CPU
		{67924AE0-C32B-4D6D-BAD8-4F7726CCB8D0}.Debug|Windows-AnyCPU.ActiveCfg = Debug|Any CPU
		{67924AE0-C32B-4D6D-BAD8-4F7726CCB8D0}.Debug|Windows-AnyCPU.Build.0 = Debug|Any CPU
		{67924AE0-C32B-4D6D-BAD8-4F7726CCB8D0}.Debug|Windows-ARM.ActiveCfg = Debug|Any CPU
		{67924AE0-C32B-4D6D-BAD8-4F7726CCB8D0}.Debug|Windows-ARM.Build.0 = Debug|Any CPU
		{67924AE0-C32B-4D6D-BAD8-4F7726CCB8D0}.Debug|Windows-x64.ActiveCfg = Debug|Any CPU
		{67924AE0-C32B-4D6D-BAD8-4F7726CCB8D0}.Debug|Windows-x64.Build.0 = Debug|Any CPU
		{67924AE0-C32B-4D6D-BAD8-4F7726CCB8D0}.Debug|Windows-x86.ActiveCfg = Debug|Any CPU
		{67924AE0-C32B-4D6D-BAD8-4F7726CCB8D0}.Debug|Windows-x86.Build.0 = Debug|Any CPU
		{67924AE0-C32B-4D6D-BAD8-4F7726CCB8D0}.Release|Android.ActiveCfg = Release|Any CPU
		{67924AE0-C32B-4D6D-BAD8-4F7726CCB8D0}.Release|Android.Build.0 = Release|Any CPU
		{67924AE0-C32B-4D6D-BAD8-4F7726CCB8D0}.Release|Any CPU.ActiveCfg = Release|Any CPU
		{67924AE0-C32B-4D6D-BAD8-4F7726CCB8D0}.Release|Any CPU.Build.0 = Release|Any CPU
		{67924AE0-C32B-4D6D-BAD8-4F7726CCB8D0}.Release|iOS.ActiveCfg = Release|Any CPU
		{67924AE0-C32B-4D6D-BAD8-4F7726CCB8D0}.Release|iOS.Build.0 = Release|Any CPU
		{67924AE0-C32B-4D6D-BAD8-4F7726CCB8D0}.Release|Windows Phone (Universal).ActiveCfg = Release|Any CPU
		{67924AE0-C32B-4D6D-BAD8-4F7726CCB8D0}.Release|Windows Phone (Universal).Build.0 = Release|Any CPU
		{67924AE0-C32B-4D6D-BAD8-4F7726CCB8D0}.Release|Windows Phone 8.ActiveCfg = Release|Any CPU
		{67924AE0-C32B-4D6D-BAD8-4F7726CCB8D0}.Release|Windows Phone 8.Build.0 = Release|Any CPU
		{67924AE0-C32B-4D6D-BAD8-4F7726CCB8D0}.Release|Windows-AnyCPU.ActiveCfg = Release|Any CPU
		{67924AE0-C32B-4D6D-BAD8-4F7726CCB8D0}.Release|Windows-AnyCPU.Build.0 = Release|Any CPU
		{67924AE0-C32B-4D6D-BAD8-4F7726CCB8D0}.Release|Windows-ARM.ActiveCfg = Release|Any CPU
		{67924AE0-C32B-4D6D-BAD8-4F7726CCB8D0}.Release|Windows-ARM.Build.0 = Release|Any CPU
		{67924AE0-C32B-4D6D-BAD8-4F7726CCB8D0}.Release|Windows-x64.ActiveCfg = Release|Any CPU
		{67924AE0-C32B-4D6D-BAD8-4F7726CCB8D0}.Release|Windows-x64.Build.0 = Release|Any CPU
		{67924AE0-C32B-4D6D-BAD8-4F7726CCB8D0}.Release|Windows-x86.ActiveCfg = Release|Any CPU
		{67924AE0-C32B-4D6D-BAD8-4F7726CCB8D0}.Release|Windows-x86.Build.0 = Release|Any CPU
		{3D96184A-CDCB-451B-BB11-881BF8B9BDA3}.Debug|Android.ActiveCfg = Debug|Any CPU
		{3D96184A-CDCB-451B-BB11-881BF8B9BDA3}.Debug|Android.Build.0 = Debug|Any CPU
		{3D96184A-CDCB-451B-BB11-881BF8B9BDA3}.Debug|Any CPU.ActiveCfg = Debug|Any CPU
		{3D96184A-CDCB-451B-BB11-881BF8B9BDA3}.Debug|Any CPU.Build.0 = Debug|Any CPU
		{3D96184A-CDCB-451B-BB11-881BF8B9BDA3}.Debug|iOS.ActiveCfg = Debug|Any CPU
		{3D96184A-CDCB-451B-BB11-881BF8B9BDA3}.Debug|iOS.Build.0 = Debug|Any CPU
		{3D96184A-CDCB-451B-BB11-881BF8B9BDA3}.Debug|Windows Phone (Universal).ActiveCfg = Debug|Any CPU
		{3D96184A-CDCB-451B-BB11-881BF8B9BDA3}.Debug|Windows Phone (Universal).Build.0 = Debug|Any CPU
		{3D96184A-CDCB-451B-BB11-881BF8B9BDA3}.Debug|Windows Phone 8.ActiveCfg = Debug|Any CPU
		{3D96184A-CDCB-451B-BB11-881BF8B9BDA3}.Debug|Windows Phone 8.Build.0 = Debug|Any CPU
		{3D96184A-CDCB-451B-BB11-881BF8B9BDA3}.Debug|Windows-AnyCPU.ActiveCfg = Debug|Any CPU
		{3D96184A-CDCB-451B-BB11-881BF8B9BDA3}.Debug|Windows-AnyCPU.Build.0 = Debug|Any CPU
		{3D96184A-CDCB-451B-BB11-881BF8B9BDA3}.Debug|Windows-ARM.ActiveCfg = Debug|Any CPU
		{3D96184A-CDCB-451B-BB11-881BF8B9BDA3}.Debug|Windows-ARM.Build.0 = Debug|Any CPU
		{3D96184A-CDCB-451B-BB11-881BF8B9BDA3}.Debug|Windows-x64.ActiveCfg = Debug|Any CPU
		{3D96184A-CDCB-451B-BB11-881BF8B9BDA3}.Debug|Windows-x64.Build.0 = Debug|Any CPU
		{3D96184A-CDCB-451B-BB11-881BF8B9BDA3}.Debug|Windows-x86.ActiveCfg = Debug|Any CPU
		{3D96184A-CDCB-451B-BB11-881BF8B9BDA3}.Debug|Windows-x86.Build.0 = Debug|Any CPU
		{3D96184A-CDCB-451B-BB11-881BF8B9BDA3}.Release|Android.ActiveCfg = Release|Any CPU
		{3D96184A-CDCB-451B-BB11-881BF8B9BDA3}.Release|Android.Build.0 = Release|Any CPU
		{3D96184A-CDCB-451B-BB11-881BF8B9BDA3}.Release|Any CPU.ActiveCfg = Release|Any CPU
		{3D96184A-CDCB-451B-BB11-881BF8B9BDA3}.Release|Any CPU.Build.0 = Release|Any CPU
		{3D96184A-CDCB-451B-BB11-881BF8B9BDA3}.Release|iOS.ActiveCfg = Release|Any CPU
		{3D96184A-CDCB-451B-BB11-881BF8B9BDA3}.Release|iOS.Build.0 = Release|Any CPU
		{3D96184A-CDCB-451B-BB11-881BF8B9BDA3}.Release|Windows Phone (Universal).ActiveCfg = Release|Any CPU
		{3D96184A-CDCB-451B-BB11-881BF8B9BDA3}.Release|Windows Phone (Universal).Build.0 = Release|Any CPU
		{3D96184A-CDCB-451B-BB11-881BF8B9BDA3}.Release|Windows Phone 8.ActiveCfg = Release|Any CPU
		{3D96184A-CDCB-451B-BB11-881BF8B9BDA3}.Release|Windows Phone 8.Build.0 = Release|Any CPU
		{3D96184A-CDCB-451B-BB11-881BF8B9BDA3}.Release|Windows-AnyCPU.ActiveCfg = Release|Any CPU
		{3D96184A-CDCB-451B-BB11-881BF8B9BDA3}.Release|Windows-AnyCPU.Build.0 = Release|Any CPU
		{3D96184A-CDCB-451B-BB11-881BF8B9BDA3}.Release|Windows-ARM.ActiveCfg = Release|Any CPU
		{3D96184A-CDCB-451B-BB11-881BF8B9BDA3}.Release|Windows-ARM.Build.0 = Release|Any CPU
		{3D96184A-CDCB-451B-BB11-881BF8B9BDA3}.Release|Windows-x64.ActiveCfg = Release|Any CPU
		{3D96184A-CDCB-451B-BB11-881BF8B9BDA3}.Release|Windows-x64.Build.0 = Release|Any CPU
		{3D96184A-CDCB-451B-BB11-881BF8B9BDA3}.Release|Windows-x86.ActiveCfg = Release|Any CPU
		{3D96184A-CDCB-451B-BB11-881BF8B9BDA3}.Release|Windows-x86.Build.0 = Release|Any CPU
		{11969744-7337-40AA-936C-90D6AEA25C58}.Debug|Android.ActiveCfg = Debug|Any CPU
		{11969744-7337-40AA-936C-90D6AEA25C58}.Debug|Android.Build.0 = Debug|Any CPU
		{11969744-7337-40AA-936C-90D6AEA25C58}.Debug|Any CPU.ActiveCfg = Debug|Any CPU
		{11969744-7337-40AA-936C-90D6AEA25C58}.Debug|Any CPU.Build.0 = Debug|Any CPU
		{11969744-7337-40AA-936C-90D6AEA25C58}.Debug|iOS.ActiveCfg = Debug|Any CPU
		{11969744-7337-40AA-936C-90D6AEA25C58}.Debug|iOS.Build.0 = Debug|Any CPU
		{11969744-7337-40AA-936C-90D6AEA25C58}.Debug|Windows Phone (Universal).ActiveCfg = Debug|Any CPU
		{11969744-7337-40AA-936C-90D6AEA25C58}.Debug|Windows Phone (Universal).Build.0 = Debug|Any CPU
		{11969744-7337-40AA-936C-90D6AEA25C58}.Debug|Windows Phone 8.ActiveCfg = Debug|Any CPU
		{11969744-7337-40AA-936C-90D6AEA25C58}.Debug|Windows Phone 8.Build.0 = Debug|Any CPU
		{11969744-7337-40AA-936C-90D6AEA25C58}.Debug|Windows-AnyCPU.ActiveCfg = Debug|Any CPU
		{11969744-7337-40AA-936C-90D6AEA25C58}.Debug|Windows-AnyCPU.Build.0 = Debug|Any CPU
		{11969744-7337-40AA-936C-90D6AEA25C58}.Debug|Windows-ARM.ActiveCfg = Debug|Any CPU
		{11969744-7337-40AA-936C-90D6AEA25C58}.Debug|Windows-ARM.Build.0 = Debug|Any CPU
		{11969744-7337-40AA-936C-90D6AEA25C58}.Debug|Windows-x64.ActiveCfg = Debug|Any CPU
		{11969744-7337-40AA-936C-90D6AEA25C58}.Debug|Windows-x64.Build.0 = Debug|Any CPU
		{11969744-7337-40AA-936C-90D6AEA25C58}.Debug|Windows-x86.ActiveCfg = Debug|Any CPU
		{11969744-7337-40AA-936C-90D6AEA25C58}.Debug|Windows-x86.Build.0 = Debug|Any CPU
		{11969744-7337-40AA-936C-90D6AEA25C58}.Release|Android.ActiveCfg = Release|Any CPU
		{11969744-7337-40AA-936C-90D6AEA25C58}.Release|Android.Build.0 = Release|Any CPU
		{11969744-7337-40AA-936C-90D6AEA25C58}.Release|Any CPU.ActiveCfg = Release|Any CPU
		{11969744-7337-40AA-936C-90D6AEA25C58}.Release|Any CPU.Build.0 = Release|Any CPU
		{11969744-7337-40AA-936C-90D6AEA25C58}.Release|iOS.ActiveCfg = Release|Any CPU
		{11969744-7337-40AA-936C-90D6AEA25C58}.Release|iOS.Build.0 = Release|Any CPU
		{11969744-7337-40AA-936C-90D6AEA25C58}.Release|Windows Phone (Universal).ActiveCfg = Release|Any CPU
		{11969744-7337-40AA-936C-90D6AEA25C58}.Release|Windows Phone (Universal).Build.0 = Release|Any CPU
		{11969744-7337-40AA-936C-90D6AEA25C58}.Release|Windows Phone 8.ActiveCfg = Release|Any CPU
		{11969744-7337-40AA-936C-90D6AEA25C58}.Release|Windows Phone 8.Build.0 = Release|Any CPU
		{11969744-7337-40AA-936C-90D6AEA25C58}.Release|Windows-AnyCPU.ActiveCfg = Release|Any CPU
		{11969744-7337-40AA-936C-90D6AEA25C58}.Release|Windows-AnyCPU.Build.0 = Release|Any CPU
		{11969744-7337-40AA-936C-90D6AEA25C58}.Release|Windows-ARM.ActiveCfg = Release|Any CPU
		{11969744-7337-40AA-936C-90D6AEA25C58}.Release|Windows-ARM.Build.0 = Release|Any CPU
		{11969744-7337-40AA-936C-90D6AEA25C58}.Release|Windows-x64.ActiveCfg = Release|Any CPU
		{11969744-7337-40AA-936C-90D6AEA25C58}.Release|Windows-x64.Build.0 = Release|Any CPU
		{11969744-7337-40AA-936C-90D6AEA25C58}.Release|Windows-x86.ActiveCfg = Release|Any CPU
		{11969744-7337-40AA-936C-90D6AEA25C58}.Release|Windows-x86.Build.0 = Release|Any CPU
		{DF65F77F-52A8-42BA-8D43-69AFC9373662}.Debug|Android.ActiveCfg = Debug|Android
		{DF65F77F-52A8-42BA-8D43-69AFC9373662}.Debug|Android.Build.0 = Debug|Android
		{DF65F77F-52A8-42BA-8D43-69AFC9373662}.Debug|Android.Deploy.0 = Debug|Android
		{DF65F77F-52A8-42BA-8D43-69AFC9373662}.Debug|Any CPU.ActiveCfg = Debug|Android
		{DF65F77F-52A8-42BA-8D43-69AFC9373662}.Debug|iOS.ActiveCfg = Debug|iOS
		{DF65F77F-52A8-42BA-8D43-69AFC9373662}.Debug|iOS.Build.0 = Debug|iOS
		{DF65F77F-52A8-42BA-8D43-69AFC9373662}.Debug|iOS.Deploy.0 = Debug|iOS
		{DF65F77F-52A8-42BA-8D43-69AFC9373662}.Debug|Windows Phone (Universal).ActiveCfg = Debug|Windows Phone (Universal)
		{DF65F77F-52A8-42BA-8D43-69AFC9373662}.Debug|Windows Phone (Universal).Build.0 = Debug|Windows Phone (Universal)
		{DF65F77F-52A8-42BA-8D43-69AFC9373662}.Debug|Windows Phone (Universal).Deploy.0 = Debug|Windows Phone (Universal)
		{DF65F77F-52A8-42BA-8D43-69AFC9373662}.Debug|Windows Phone 8.ActiveCfg = Debug|Windows Phone 8
		{DF65F77F-52A8-42BA-8D43-69AFC9373662}.Debug|Windows Phone 8.Build.0 = Debug|Windows Phone 8
		{DF65F77F-52A8-42BA-8D43-69AFC9373662}.Debug|Windows Phone 8.Deploy.0 = Debug|Windows Phone 8
		{DF65F77F-52A8-42BA-8D43-69AFC9373662}.Debug|Windows-AnyCPU.ActiveCfg = Debug|Windows-AnyCPU
		{DF65F77F-52A8-42BA-8D43-69AFC9373662}.Debug|Windows-AnyCPU.Build.0 = Debug|Windows-AnyCPU
		{DF65F77F-52A8-42BA-8D43-69AFC9373662}.Debug|Windows-AnyCPU.Deploy.0 = Debug|Windows-AnyCPU
		{DF65F77F-52A8-42BA-8D43-69AFC9373662}.Debug|Windows-ARM.ActiveCfg = Debug|Windows-ARM
		{DF65F77F-52A8-42BA-8D43-69AFC9373662}.Debug|Windows-ARM.Build.0 = Debug|Windows-ARM
		{DF65F77F-52A8-42BA-8D43-69AFC9373662}.Debug|Windows-ARM.Deploy.0 = Debug|Windows-ARM
		{DF65F77F-52A8-42BA-8D43-69AFC9373662}.Debug|Windows-x64.ActiveCfg = Debug|Windows-x64
		{DF65F77F-52A8-42BA-8D43-69AFC9373662}.Debug|Windows-x64.Build.0 = Debug|Windows-x64
		{DF65F77F-52A8-42BA-8D43-69AFC9373662}.Debug|Windows-x64.Deploy.0 = Debug|Windows-x64
		{DF65F77F-52A8-42BA-8D43-69AFC9373662}.Debug|Windows-x86.ActiveCfg = Debug|Windows-x86
		{DF65F77F-52A8-42BA-8D43-69AFC9373662}.Debug|Windows-x86.Build.0 = Debug|Windows-x86
		{DF65F77F-52A8-42BA-8D43-69AFC9373662}.Debug|Windows-x86.Deploy.0 = Debug|Windows-x86
		{DF65F77F-52A8-42BA-8D43-69AFC9373662}.Release|Android.ActiveCfg = Release|Android
		{DF65F77F-52A8-42BA-8D43-69AFC9373662}.Release|Android.Build.0 = Release|Android
		{DF65F77F-52A8-42BA-8D43-69AFC9373662}.Release|Android.Deploy.0 = Release|Android
		{DF65F77F-52A8-42BA-8D43-69AFC9373662}.Release|Any CPU.ActiveCfg = Release|Android
		{DF65F77F-52A8-42BA-8D43-69AFC9373662}.Release|iOS.ActiveCfg = Release|iOS
		{DF65F77F-52A8-42BA-8D43-69AFC9373662}.Release|iOS.Build.0 = Release|iOS
		{DF65F77F-52A8-42BA-8D43-69AFC9373662}.Release|iOS.Deploy.0 = Release|iOS
		{DF65F77F-52A8-42BA-8D43-69AFC9373662}.Release|Windows Phone (Universal).ActiveCfg = Release|Windows Phone (Universal)
		{DF65F77F-52A8-42BA-8D43-69AFC9373662}.Release|Windows Phone (Universal).Build.0 = Release|Windows Phone (Universal)
		{DF65F77F-52A8-42BA-8D43-69AFC9373662}.Release|Windows Phone (Universal).Deploy.0 = Release|Windows Phone (Universal)
		{DF65F77F-52A8-42BA-8D43-69AFC9373662}.Release|Windows Phone 8.ActiveCfg = Release|Windows Phone 8
		{DF65F77F-52A8-42BA-8D43-69AFC9373662}.Release|Windows Phone 8.Build.0 = Release|Windows Phone 8
		{DF65F77F-52A8-42BA-8D43-69AFC9373662}.Release|Windows Phone 8.Deploy.0 = Release|Windows Phone 8
		{DF65F77F-52A8-42BA-8D43-69AFC9373662}.Release|Windows-AnyCPU.ActiveCfg = Release|Windows-AnyCPU
		{DF65F77F-52A8-42BA-8D43-69AFC9373662}.Release|Windows-AnyCPU.Build.0 = Release|Windows-AnyCPU
		{DF65F77F-52A8-42BA-8D43-69AFC9373662}.Release|Windows-AnyCPU.Deploy.0 = Release|Windows-AnyCPU
		{DF65F77F-52A8-42BA-8D43-69AFC9373662}.Release|Windows-ARM.ActiveCfg = Release|Windows-ARM
		{DF65F77F-52A8-42BA-8D43-69AFC9373662}.Release|Windows-ARM.Build.0 = Release|Windows-ARM
		{DF65F77F-52A8-42BA-8D43-69AFC9373662}.Release|Windows-ARM.Deploy.0 = Release|Windows-ARM
		{DF65F77F-52A8-42BA-8D43-69AFC9373662}.Release|Windows-x64.ActiveCfg = Release|Windows-x64
		{DF65F77F-52A8-42BA-8D43-69AFC9373662}.Release|Windows-x64.Build.0 = Release|Windows-x64
		{DF65F77F-52A8-42BA-8D43-69AFC9373662}.Release|Windows-x64.Deploy.0 = Release|Windows-x64
		{DF65F77F-52A8-42BA-8D43-69AFC9373662}.Release|Windows-x86.ActiveCfg = Release|Windows-x86
		{DF65F77F-52A8-42BA-8D43-69AFC9373662}.Release|Windows-x86.Build.0 = Release|Windows-x86
		{DF65F77F-52A8-42BA-8D43-69AFC9373662}.Release|Windows-x86.Deploy.0 = Release|Windows-x86
	EndGlobalSection
	GlobalSection(SolutionProperties) = preSolution
		HideSolutionNode = FALSE
	EndGlobalSection
	GlobalSection(NestedProjects) = preSolution
		{A3D7CFDC-9537-4F03-9E7E-117505FBC733} = {47622D29-4AB4-4DC2-AC48-F588293B92A6}
		{5E1E65C6-E847-4F09-AA2E-81F1BA3FBC88} = {47622D29-4AB4-4DC2-AC48-F588293B92A6}
		{C012F0B1-7E9A-4F29-A848-F0D59EDB4458} = {A3D7CFDC-9537-4F03-9E7E-117505FBC733}
		{39FF3486-E8C9-43B7-A8DB-FA9DC3958935} = {777CC466-3EA9-4B4D-B3BC-9FA7BB425D5B}
		{8318F42E-56A3-4EA9-97AC-CA282021B52B} = {5E1E65C6-E847-4F09-AA2E-81F1BA3FBC88}
		{8223376A-EB60-4D54-BD11-B30B2C9D41A7} = {BFBCF93B-3EA2-4A5E-94B5-F53E1EAF7864}
		{86723500-F34B-4F8A-A404-CBFAF3315D1C} = {BFBCF93B-3EA2-4A5E-94B5-F53E1EAF7864}
		{82F612D8-F8FF-421F-BA40-AD89BB74B5C3} = {BFBCF93B-3EA2-4A5E-94B5-F53E1EAF7864}
		{DF762473-D383-4E10-846E-3CDAEF5B5C87} = {3590B335-D8B6-4E68-AFC4-5CA132320EBD}
		{FC492075-260F-4D7C-AE0D-694811DC214F} = {8223376A-EB60-4D54-BD11-B30B2C9D41A7}
		{0575B8FA-FDF5-4069-BED1-CB2843F952C6} = {BFBCF93B-3EA2-4A5E-94B5-F53E1EAF7864}
		{5443AF4E-948A-40D4-9CFE-0DB35B82481C} = {0575B8FA-FDF5-4069-BED1-CB2843F952C6}
		{D9791D0A-314F-42E7-979B-D7E9FEC6B303} = {BFBCF93B-3EA2-4A5E-94B5-F53E1EAF7864}
		{EAE39D0D-9F7D-4F5F-8E79-710584335185} = {D9791D0A-314F-42E7-979B-D7E9FEC6B303}
		{85D3DAB6-AF03-45CC-A10D-5D868F4BC299} = {BFBCF93B-3EA2-4A5E-94B5-F53E1EAF7864}
		{67924AE0-C32B-4D6D-BAD8-4F7726CCB8D0} = {85D3DAB6-AF03-45CC-A10D-5D868F4BC299}
		{3D96184A-CDCB-451B-BB11-881BF8B9BDA3} = {2E8BA8EF-D632-4986-8FC7-A25DB0D47847}
		{11969744-7337-40AA-936C-90D6AEA25C58} = {82F612D8-F8FF-421F-BA40-AD89BB74B5C3}
		{DF65F77F-52A8-42BA-8D43-69AFC9373662} = {86723500-F34B-4F8A-A404-CBFAF3315D1C}
	EndGlobalSection
EndGlobal
