
Microsoft Visual Studio Solution File, Format Version 12.00
# Visual Studio 15
VisualStudioVersion = 15.0.26228.12
MinimumVisualStudioVersion = 10.0.40219.1
Project("{2150E333-8FDC-42A3-9474-1A3956D46DE8}") = "0 - Presentation", "0 - Presentation", "{DA970944-1F54-4581-8AC9-88DB414D0DF7}"
EndProject
Project("{2150E333-8FDC-42A3-9474-1A3956D46DE8}") = "1 - Services", "1 - Services", "{DE55385A-D920-4790-850F-6721DD29A21C}"
EndProject
Project("{2150E333-8FDC-42A3-9474-1A3956D46DE8}") = "2 - Application", "2 - Application", "{054E76D7-F6A7-4708-8D15-351A2BDCFB01}"
EndProject
Project("{2150E333-8FDC-42A3-9474-1A3956D46DE8}") = "3 - Domain", "3 - Domain", "{DA5E89AF-DDDA-4474-902C-04AF784EAD14}"
EndProject
Project("{2150E333-8FDC-42A3-9474-1A3956D46DE8}") = "4 - Infra", "4 - Infra", "{CCF93008-4E81-4DCA-9531-D4D101CC12B1}"
EndProject
Project("{2150E333-8FDC-42A3-9474-1A3956D46DE8}") = "4.1 - CrossCutting", "4.1 - CrossCutting", "{A1B7F075-C483-4ABF-90AD-B570D3ACC548}"
EndProject
Project("{2150E333-8FDC-42A3-9474-1A3956D46DE8}") = "4.2 - Data", "4.2 - Data", "{F5CAE2EF-92D7-42A3-847C-BBD0C0847DCD}"
EndProject
Project("{2150E333-8FDC-42A3-9474-1A3956D46DE8}") = "0.1 - Web", "0.1 - Web", "{F9CB729C-D426-439A-B283-4A4BDA407C11}"
EndProject
Project("{2150E333-8FDC-42A3-9474-1A3956D46DE8}") = "0.2 - Mobile", "0.2 - Mobile", "{D40E6BE4-C77A-406C-B42B-FEB6A81362E3}"
EndProject
Project("{FAE04EC0-301F-11D3-BF4B-00C04F79EFBC}") = "UpTeam.Domain", "UpTeam.Domain\UpTeam.Domain.csproj", "{E675048B-2DDB-4015-8D22-CD3D8079FA0C}"
EndProject
Project("{FAE04EC0-301F-11D3-BF4B-00C04F79EFBC}") = "UpTeam.Presentation.MVC", "UpTeam.Presentation.MVC\UpTeam.Presentation.MVC.csproj", "{C722A806-11B1-432B-9AD5-8275F692F006}"
EndProject
Project("{FAE04EC0-301F-11D3-BF4B-00C04F79EFBC}") = "UpTeam.Infra.Data", "UpTeam.Infra.Data\UpTeam.Infra.Data.csproj", "{87A97185-1DAA-485A-8AA0-FB259F80FB5B}"
EndProject
Project("{FAE04EC0-301F-11D3-BF4B-00C04F79EFBC}") = "UpTeam.Application", "UpTeam.Application\UpTeam.Application.csproj", "{37BADDAF-7B54-4C28-A366-C284BEC4144D}"
EndProject
Project("{FAE04EC0-301F-11D3-BF4B-00C04F79EFBC}") = "UpTeam.Infra.CrossCutting", "UpTeam.Infra.CrossCutting\UpTeam.Infra.CrossCutting.csproj", "{712542B2-9E5F-4CA0-89A2-B546B8DE6F36}"
EndProject
Global
	GlobalSection(SolutionConfigurationPlatforms) = preSolution
		Debug|Any CPU = Debug|Any CPU
		Release|Any CPU = Release|Any CPU
	EndGlobalSection
	GlobalSection(ProjectConfigurationPlatforms) = postSolution
		{E675048B-2DDB-4015-8D22-CD3D8079FA0C}.Debug|Any CPU.ActiveCfg = Debug|Any CPU
		{E675048B-2DDB-4015-8D22-CD3D8079FA0C}.Debug|Any CPU.Build.0 = Debug|Any CPU
		{E675048B-2DDB-4015-8D22-CD3D8079FA0C}.Release|Any CPU.ActiveCfg = Release|Any CPU
		{E675048B-2DDB-4015-8D22-CD3D8079FA0C}.Release|Any CPU.Build.0 = Release|Any CPU
		{C722A806-11B1-432B-9AD5-8275F692F006}.Debug|Any CPU.ActiveCfg = Debug|Any CPU
		{C722A806-11B1-432B-9AD5-8275F692F006}.Debug|Any CPU.Build.0 = Debug|Any CPU
		{C722A806-11B1-432B-9AD5-8275F692F006}.Release|Any CPU.ActiveCfg = Release|Any CPU
		{C722A806-11B1-432B-9AD5-8275F692F006}.Release|Any CPU.Build.0 = Release|Any CPU
		{87A97185-1DAA-485A-8AA0-FB259F80FB5B}.Debug|Any CPU.ActiveCfg = Debug|Any CPU
		{87A97185-1DAA-485A-8AA0-FB259F80FB5B}.Debug|Any CPU.Build.0 = Debug|Any CPU
		{87A97185-1DAA-485A-8AA0-FB259F80FB5B}.Release|Any CPU.ActiveCfg = Release|Any CPU
		{87A97185-1DAA-485A-8AA0-FB259F80FB5B}.Release|Any CPU.Build.0 = Release|Any CPU
		{37BADDAF-7B54-4C28-A366-C284BEC4144D}.Debug|Any CPU.ActiveCfg = Debug|Any CPU
		{37BADDAF-7B54-4C28-A366-C284BEC4144D}.Debug|Any CPU.Build.0 = Debug|Any CPU
		{37BADDAF-7B54-4C28-A366-C284BEC4144D}.Release|Any CPU.ActiveCfg = Release|Any CPU
		{37BADDAF-7B54-4C28-A366-C284BEC4144D}.Release|Any CPU.Build.0 = Release|Any CPU
		{712542B2-9E5F-4CA0-89A2-B546B8DE6F36}.Debug|Any CPU.ActiveCfg = Debug|Any CPU
		{712542B2-9E5F-4CA0-89A2-B546B8DE6F36}.Debug|Any CPU.Build.0 = Debug|Any CPU
		{712542B2-9E5F-4CA0-89A2-B546B8DE6F36}.Release|Any CPU.ActiveCfg = Release|Any CPU
		{712542B2-9E5F-4CA0-89A2-B546B8DE6F36}.Release|Any CPU.Build.0 = Release|Any CPU
	EndGlobalSection
	GlobalSection(SolutionProperties) = preSolution
		HideSolutionNode = FALSE
	EndGlobalSection
	GlobalSection(NestedProjects) = preSolution
		{A1B7F075-C483-4ABF-90AD-B570D3ACC548} = {CCF93008-4E81-4DCA-9531-D4D101CC12B1}
		{F5CAE2EF-92D7-42A3-847C-BBD0C0847DCD} = {CCF93008-4E81-4DCA-9531-D4D101CC12B1}
		{F9CB729C-D426-439A-B283-4A4BDA407C11} = {DA970944-1F54-4581-8AC9-88DB414D0DF7}
		{D40E6BE4-C77A-406C-B42B-FEB6A81362E3} = {DA970944-1F54-4581-8AC9-88DB414D0DF7}
		{E675048B-2DDB-4015-8D22-CD3D8079FA0C} = {DA5E89AF-DDDA-4474-902C-04AF784EAD14}
		{C722A806-11B1-432B-9AD5-8275F692F006} = {F9CB729C-D426-439A-B283-4A4BDA407C11}
		{87A97185-1DAA-485A-8AA0-FB259F80FB5B} = {F5CAE2EF-92D7-42A3-847C-BBD0C0847DCD}
		{37BADDAF-7B54-4C28-A366-C284BEC4144D} = {054E76D7-F6A7-4708-8D15-351A2BDCFB01}
		{712542B2-9E5F-4CA0-89A2-B546B8DE6F36} = {A1B7F075-C483-4ABF-90AD-B570D3ACC548}
	EndGlobalSection
EndGlobal
