
Microsoft Visual Studio Solution File, Format Version 12.00
# Visual Studio 15
VisualStudioVersion = 15.0.26228.9
MinimumVisualStudioVersion = 10.0.40219.1
Project("{2150E333-8FDC-42A3-9474-1A3956D46DE8}") = "0 - Presetation", "0 - Presetation", "{BFBCF93B-3EA2-4A5E-94B5-F53E1EAF7864}"
EndProject
Project("{2150E333-8FDC-42A3-9474-1A3956D46DE8}") = "1 - ApplicationServices", "1 - ApplicationServices", "{3590B335-D8B6-4E68-AFC4-5CA132320EBD}"
EndProject
Project("{2150E333-8FDC-42A3-9474-1A3956D46DE8}") = "2 - Domain", "2 - Domain", "{777CC466-3EA9-4B4D-B3BC-9FA7BB425D5B}"
EndProject
Project("{2150E333-8FDC-42A3-9474-1A3956D46DE8}") = "3 - Infra", "3 - Infra", "{47622D29-4AB4-4DC2-AC48-F588293B92A6}"
EndProject
Project("{2150E333-8FDC-42A3-9474-1A3956D46DE8}") = "3.1 - Data", "3.1 - Data", "{A3D7CFDC-9537-4F03-9E7E-117505FBC733}"
EndProject
Project("{2150E333-8FDC-42A3-9474-1A3956D46DE8}") = "3.2 - CrossCutting", "3.2 - CrossCutting", "{5E1E65C6-E847-4F09-AA2E-81F1BA3FBC88}"
EndProject
Project("{FAE04EC0-301F-11D3-BF4B-00C04F79EFBC}") = "UPTEAM.Infra.Data", "UPTEAM.Infra.Data\UPTEAM.Infra.Data.csproj", "{C012F0B1-7E9A-4F29-A848-F0D59EDB4458}"
EndProject
Project("{FAE04EC0-301F-11D3-BF4B-00C04F79EFBC}") = "UPTEAM.Domain", "UPTEAM.Domain\UPTEAM.Domain.csproj", "{39FF3486-E8C9-43B7-A8DB-FA9DC3958935}"
EndProject
Global
	GlobalSection(SolutionConfigurationPlatforms) = preSolution
		Debug|Any CPU = Debug|Any CPU
		Release|Any CPU = Release|Any CPU
	EndGlobalSection
	GlobalSection(ProjectConfigurationPlatforms) = postSolution
		{C012F0B1-7E9A-4F29-A848-F0D59EDB4458}.Debug|Any CPU.ActiveCfg = Debug|Any CPU
		{C012F0B1-7E9A-4F29-A848-F0D59EDB4458}.Debug|Any CPU.Build.0 = Debug|Any CPU
		{C012F0B1-7E9A-4F29-A848-F0D59EDB4458}.Release|Any CPU.ActiveCfg = Release|Any CPU
		{C012F0B1-7E9A-4F29-A848-F0D59EDB4458}.Release|Any CPU.Build.0 = Release|Any CPU
		{39FF3486-E8C9-43B7-A8DB-FA9DC3958935}.Debug|Any CPU.ActiveCfg = Debug|Any CPU
		{39FF3486-E8C9-43B7-A8DB-FA9DC3958935}.Debug|Any CPU.Build.0 = Debug|Any CPU
		{39FF3486-E8C9-43B7-A8DB-FA9DC3958935}.Release|Any CPU.ActiveCfg = Release|Any CPU
		{39FF3486-E8C9-43B7-A8DB-FA9DC3958935}.Release|Any CPU.Build.0 = Release|Any CPU
	EndGlobalSection
	GlobalSection(SolutionProperties) = preSolution
		HideSolutionNode = FALSE
	EndGlobalSection
	GlobalSection(NestedProjects) = preSolution
		{A3D7CFDC-9537-4F03-9E7E-117505FBC733} = {47622D29-4AB4-4DC2-AC48-F588293B92A6}
		{5E1E65C6-E847-4F09-AA2E-81F1BA3FBC88} = {47622D29-4AB4-4DC2-AC48-F588293B92A6}
		{C012F0B1-7E9A-4F29-A848-F0D59EDB4458} = {A3D7CFDC-9537-4F03-9E7E-117505FBC733}
		{39FF3486-E8C9-43B7-A8DB-FA9DC3958935} = {777CC466-3EA9-4B4D-B3BC-9FA7BB425D5B}
	EndGlobalSection
EndGlobal
